
Microsoft Visual Studio Solution File, Format Version 12.00
# Visual Studio 14
VisualStudioVersion = 14.0.24720.0
MinimumVisualStudioVersion = 10.0.40219.1
Project("{FAE04EC0-301F-11D3-BF4B-00C04F79EFBC}") = "TestOOP", "TestOOP\TestOOP.csproj", "{7A1ED6E1-6189-4681-A0A6-484D7DA3D0A1}"
EndProject
Project("{FAE04EC0-301F-11D3-BF4B-00C04F79EFBC}") = "Model", "Model\Model.csproj", "{78AFD11C-567B-493C-BEF2-8E2B907C91A2}"
EndProject
Global
	GlobalSection(SolutionConfigurationPlatforms) = preSolution
		Debug|Any CPU = Debug|Any CPU
		Release|Any CPU = Release|Any CPU
	EndGlobalSection
	GlobalSection(ProjectConfigurationPlatforms) = postSolution
		{7A1ED6E1-6189-4681-A0A6-484D7DA3D0A1}.Debug|Any CPU.ActiveCfg = Debug|Any CPU
		{7A1ED6E1-6189-4681-A0A6-484D7DA3D0A1}.Debug|Any CPU.Build.0 = Debug|Any CPU
		{7A1ED6E1-6189-4681-A0A6-484D7DA3D0A1}.Release|Any CPU.ActiveCfg = Release|Any CPU
		{7A1ED6E1-6189-4681-A0A6-484D7DA3D0A1}.Release|Any CPU.Build.0 = Release|Any CPU
		{78AFD11C-567B-493C-BEF2-8E2B907C91A2}.Debug|Any CPU.ActiveCfg = Debug|Any CPU
		{78AFD11C-567B-493C-BEF2-8E2B907C91A2}.Debug|Any CPU.Build.0 = Debug|Any CPU
		{78AFD11C-567B-493C-BEF2-8E2B907C91A2}.Release|Any CPU.ActiveCfg = Release|Any CPU
		{78AFD11C-567B-493C-BEF2-8E2B907C91A2}.Release|Any CPU.Build.0 = Release|Any CPU
	EndGlobalSection
	GlobalSection(SolutionProperties) = preSolution
		HideSolutionNode = FALSE
	EndGlobalSection
EndGlobal
