
Microsoft Visual Studio Solution File, Format Version 12.00
# Visual Studio 14
VisualStudioVersion = 14.0.23107.0
MinimumVisualStudioVersion = 10.0.40219.1
Project("{FAE04EC0-301F-11D3-BF4B-00C04F79EFBC}") = "Interfaces", "Interfaces\Interfaces.csproj", "{606D6377-823E-49FC-8B87-4E3DE00FA98C}"
EndProject
Project("{FAE04EC0-301F-11D3-BF4B-00C04F79EFBC}") = "Model", "Model\Model.csproj", "{2D21BF11-9FD3-407D-88DC-E43EA5FF2139}"
EndProject
Global
	GlobalSection(SolutionConfigurationPlatforms) = preSolution
		Debug|Any CPU = Debug|Any CPU
		Release|Any CPU = Release|Any CPU
	EndGlobalSection
	GlobalSection(ProjectConfigurationPlatforms) = postSolution
		{606D6377-823E-49FC-8B87-4E3DE00FA98C}.Debug|Any CPU.ActiveCfg = Debug|Any CPU
		{606D6377-823E-49FC-8B87-4E3DE00FA98C}.Debug|Any CPU.Build.0 = Debug|Any CPU
		{606D6377-823E-49FC-8B87-4E3DE00FA98C}.Release|Any CPU.ActiveCfg = Release|Any CPU
		{606D6377-823E-49FC-8B87-4E3DE00FA98C}.Release|Any CPU.Build.0 = Release|Any CPU
		{2D21BF11-9FD3-407D-88DC-E43EA5FF2139}.Debug|Any CPU.ActiveCfg = Debug|Any CPU
		{2D21BF11-9FD3-407D-88DC-E43EA5FF2139}.Debug|Any CPU.Build.0 = Debug|Any CPU
		{2D21BF11-9FD3-407D-88DC-E43EA5FF2139}.Release|Any CPU.ActiveCfg = Release|Any CPU
		{2D21BF11-9FD3-407D-88DC-E43EA5FF2139}.Release|Any CPU.Build.0 = Release|Any CPU
	EndGlobalSection
	GlobalSection(SolutionProperties) = preSolution
		HideSolutionNode = FALSE
	EndGlobalSection
EndGlobal
